#MicroXplorer Configuration settings - do not modify
ADC1.Channel-0\#ChannelRegularConversion=ADC_CHANNEL_19
ADC1.Channel-1\#ChannelRegularConversion=ADC_CHANNEL_18
ADC1.IPParameters=Rank-0\#ChannelRegularConversion,Channel-0\#ChannelRegularConversion,SamplingTime-0\#ChannelRegularConversion,OffsetNumber-0\#ChannelRegularConversion,OffsetSignedSaturation-0\#ChannelRegularConversion,NbrOfConversionFlag,master,Resolution,NbrOfConversion,Rank-1\#ChannelRegularConversion,Channel-1\#ChannelRegularConversion,SamplingTime-1\#ChannelRegularConversion,OffsetNumber-1\#ChannelRegularConversion,OffsetSignedSaturation-1\#ChannelRegularConversion
ADC1.NbrOfConversion=2
ADC1.NbrOfConversionFlag=1
ADC1.OffsetNumber-0\#ChannelRegularConversion=ADC_OFFSET_NONE
ADC1.OffsetNumber-1\#ChannelRegularConversion=ADC_OFFSET_NONE
ADC1.OffsetSignedSaturation-0\#ChannelRegularConversion=DISABLE
ADC1.OffsetSignedSaturation-1\#ChannelRegularConversion=DISABLE
ADC1.Rank-0\#ChannelRegularConversion=1
ADC1.Rank-1\#ChannelRegularConversion=2
ADC1.Resolution=ADC_RESOLUTION_8B
ADC1.SamplingTime-0\#ChannelRegularConversion=ADC_SAMPLETIME_1CYCLE_5
ADC1.SamplingTime-1\#ChannelRegularConversion=ADC_SAMPLETIME_1CYCLE_5
ADC1.master=1
ADC2.Channel-0\#ChannelRegularConversion=ADC_CHANNEL_9
ADC2.Channel-1\#ChannelRegularConversion=ADC_CHANNEL_8
ADC2.Channel-2\#ChannelRegularConversion=ADC_CHANNEL_5
ADC2.IPParameters=Rank-0\#ChannelRegularConversion,Channel-0\#ChannelRegularConversion,SamplingTime-0\#ChannelRegularConversion,OffsetNumber-0\#ChannelRegularConversion,OffsetSignedSaturation-0\#ChannelRegularConversion,NbrOfConversionFlag,Resolution,Rank-1\#ChannelRegularConversion,Channel-1\#ChannelRegularConversion,SamplingTime-1\#ChannelRegularConversion,OffsetNumber-1\#ChannelRegularConversion,OffsetSignedSaturation-1\#ChannelRegularConversion,Rank-2\#ChannelRegularConversion,Channel-2\#ChannelRegularConversion,SamplingTime-2\#ChannelRegularConversion,OffsetNumber-2\#ChannelRegularConversion,OffsetSignedSaturation-2\#ChannelRegularConversion,NbrOfConversion
ADC2.NbrOfConversion=3
ADC2.NbrOfConversionFlag=1
ADC2.OffsetNumber-0\#ChannelRegularConversion=ADC_OFFSET_NONE
ADC2.OffsetNumber-1\#ChannelRegularConversion=ADC_OFFSET_NONE
ADC2.OffsetNumber-2\#ChannelRegularConversion=ADC_OFFSET_NONE
ADC2.OffsetSignedSaturation-0\#ChannelRegularConversion=DISABLE
ADC2.OffsetSignedSaturation-1\#ChannelRegularConversion=DISABLE
ADC2.OffsetSignedSaturation-2\#ChannelRegularConversion=DISABLE
ADC2.Rank-0\#ChannelRegularConversion=1
ADC2.Rank-1\#ChannelRegularConversion=2
ADC2.Rank-2\#ChannelRegularConversion=3
ADC2.Resolution=ADC_RESOLUTION_8B
ADC2.SamplingTime-0\#ChannelRegularConversion=ADC_SAMPLETIME_1CYCLE_5
ADC2.SamplingTime-1\#ChannelRegularConversion=ADC_SAMPLETIME_1CYCLE_5
ADC2.SamplingTime-2\#ChannelRegularConversion=ADC_SAMPLETIME_1CYCLE_5
CAD.formats=
CAD.pinconfig=
CAD.provider=
CORTEX_M7.CPU_DCache=Enabled
CORTEX_M7.CPU_ICache=Enabled
CORTEX_M7.IPParameters=default_mode_Activation,CPU_ICache,CPU_DCache
CORTEX_M7.default_mode_Activation=1
Dma.ADC1.1.Direction=DMA_PERIPH_TO_MEMORY
Dma.ADC1.1.EventEnable=DISABLE
Dma.ADC1.1.FIFOMode=DMA_FIFOMODE_DISABLE
Dma.ADC1.1.Instance=DMA1_Stream1
Dma.ADC1.1.MemDataAlignment=DMA_MDATAALIGN_HALFWORD
Dma.ADC1.1.MemInc=DMA_MINC_ENABLE
Dma.ADC1.1.Mode=DMA_CIRCULAR
Dma.ADC1.1.PeriphDataAlignment=DMA_PDATAALIGN_HALFWORD
Dma.ADC1.1.PeriphInc=DMA_PINC_DISABLE
Dma.ADC1.1.Polarity=HAL_DMAMUX_REQ_GEN_RISING
Dma.ADC1.1.Priority=DMA_PRIORITY_HIGH
Dma.ADC1.1.RequestNumber=1
Dma.ADC1.1.RequestParameters=Instance,Direction,PeriphInc,MemInc,PeriphDataAlignment,MemDataAlignment,Mode,Priority,FIFOMode,SignalID,Polarity,RequestNumber,SyncSignalID,SyncPolarity,SyncEnable,EventEnable,SyncRequestNumber
Dma.ADC1.1.SignalID=NONE
Dma.ADC1.1.SyncEnable=DISABLE
Dma.ADC1.1.SyncPolarity=HAL_DMAMUX_SYNC_NO_EVENT
Dma.ADC1.1.SyncRequestNumber=1
Dma.ADC1.1.SyncSignalID=NONE
Dma.ADC2.0.Direction=DMA_PERIPH_TO_MEMORY
Dma.ADC2.0.EventEnable=DISABLE
Dma.ADC2.0.FIFOMode=DMA_FIFOMODE_DISABLE
Dma.ADC2.0.Instance=DMA1_Stream0
Dma.ADC2.0.MemDataAlignment=DMA_MDATAALIGN_HALFWORD
Dma.ADC2.0.MemInc=DMA_MINC_ENABLE
Dma.ADC2.0.Mode=DMA_CIRCULAR
Dma.ADC2.0.PeriphDataAlignment=DMA_PDATAALIGN_HALFWORD
Dma.ADC2.0.PeriphInc=DMA_PINC_DISABLE
Dma.ADC2.0.Polarity=HAL_DMAMUX_REQ_GEN_RISING
Dma.ADC2.0.Priority=DMA_PRIORITY_HIGH
Dma.ADC2.0.RequestNumber=1
Dma.ADC2.0.RequestParameters=Instance,Direction,PeriphInc,MemInc,PeriphDataAlignment,MemDataAlignment,Mode,Priority,FIFOMode,SignalID,Polarity,RequestNumber,SyncSignalID,SyncPolarity,SyncEnable,EventEnable,SyncRequestNumber
Dma.ADC2.0.SignalID=NONE
Dma.ADC2.0.SyncEnable=DISABLE
Dma.ADC2.0.SyncPolarity=HAL_DMAMUX_SYNC_NO_EVENT
Dma.ADC2.0.SyncRequestNumber=1
Dma.ADC2.0.SyncSignalID=NONE
Dma.Request0=ADC2
Dma.Request1=ADC1
Dma.Request2=USART3_RX
Dma.Request3=USART3_TX
Dma.RequestsNb=4
Dma.USART3_RX.2.Direction=DMA_PERIPH_TO_MEMORY
Dma.USART3_RX.2.EventEnable=DISABLE
Dma.USART3_RX.2.FIFOMode=DMA_FIFOMODE_DISABLE
Dma.USART3_RX.2.Instance=DMA1_Stream2
Dma.USART3_RX.2.MemDataAlignment=DMA_MDATAALIGN_BYTE
Dma.USART3_RX.2.MemInc=DMA_MINC_ENABLE
Dma.USART3_RX.2.Mode=DMA_NORMAL
Dma.USART3_RX.2.PeriphDataAlignment=DMA_PDATAALIGN_BYTE
Dma.USART3_RX.2.PeriphInc=DMA_PINC_DISABLE
Dma.USART3_RX.2.Polarity=HAL_DMAMUX_REQ_GEN_RISING
Dma.USART3_RX.2.Priority=DMA_PRIORITY_MEDIUM
Dma.USART3_RX.2.RequestNumber=1
Dma.USART3_RX.2.RequestParameters=Instance,Direction,PeriphInc,MemInc,PeriphDataAlignment,MemDataAlignment,Mode,Priority,FIFOMode,SignalID,Polarity,RequestNumber,SyncSignalID,SyncPolarity,SyncEnable,EventEnable,SyncRequestNumber
Dma.USART3_RX.2.SignalID=NONE
Dma.USART3_RX.2.SyncEnable=DISABLE
Dma.USART3_RX.2.SyncPolarity=HAL_DMAMUX_SYNC_NO_EVENT
Dma.USART3_RX.2.SyncRequestNumber=1
Dma.USART3_RX.2.SyncSignalID=NONE
Dma.USART3_TX.3.Direction=DMA_MEMORY_TO_PERIPH
Dma.USART3_TX.3.EventEnable=DISABLE
Dma.USART3_TX.3.FIFOMode=DMA_FIFOMODE_DISABLE
Dma.USART3_TX.3.Instance=DMA1_Stream3
Dma.USART3_TX.3.MemDataAlignment=DMA_MDATAALIGN_BYTE
Dma.USART3_TX.3.MemInc=DMA_MINC_ENABLE
Dma.USART3_TX.3.Mode=DMA_NORMAL
Dma.USART3_TX.3.PeriphDataAlignment=DMA_PDATAALIGN_BYTE
Dma.USART3_TX.3.PeriphInc=DMA_PINC_DISABLE
Dma.USART3_TX.3.Polarity=HAL_DMAMUX_REQ_GEN_RISING
Dma.USART3_TX.3.Priority=DMA_PRIORITY_MEDIUM
Dma.USART3_TX.3.RequestNumber=1
Dma.USART3_TX.3.RequestParameters=Instance,Direction,PeriphInc,MemInc,PeriphDataAlignment,MemDataAlignment,Mode,Priority,FIFOMode,SignalID,Polarity,RequestNumber,SyncSignalID,SyncPolarity,SyncEnable,EventEnable,SyncRequestNumber
Dma.USART3_TX.3.SignalID=NONE
Dma.USART3_TX.3.SyncEnable=DISABLE
Dma.USART3_TX.3.SyncPolarity=HAL_DMAMUX_SYNC_NO_EVENT
Dma.USART3_TX.3.SyncRequestNumber=1
Dma.USART3_TX.3.SyncSignalID=NONE
File.Version=6
GPIO.groupedBy=Group By Peripherals
Infineon.AIROC-Wi-Fi-Bluetooth-STM32.1.8.0.CYBSP_BT_POWER=PD6
Infineon.AIROC-Wi-Fi-Bluetooth-STM32.1.8.0.CYBSP_WIFI_WL_REG_ON=PD5
Infineon.AIROC-Wi-Fi-Bluetooth-STM32.1.8.0.CY_WIFI_COUNTRY=WHD_COUNTRY_JAPAN
Infineon.AIROC-Wi-Fi-Bluetooth-STM32.1.8.0.ConnectivityCcWirelessJjPlatformJjabstractionAartos=ThreadX
Infineon.AIROC-Wi-Fi-Bluetooth-STM32.1.8.0.ConnectivityCcWirelessJjPlatformJjdevice=CYW55500
Infineon.AIROC-Wi-Fi-Bluetooth-STM32.1.8.0.ConnectivityCcWirelessJjPlatformJjmodule=MURATAAa2FY
Infineon.AIROC-Wi-Fi-Bluetooth-STM32.1.8.0.ConnectivityCcWirelessJjPlatformJjpal=true
Infineon.AIROC-Wi-Fi-Bluetooth-STM32.1.8.0.ConnectivityCcWirelessJjWifiJjconnectivityAautilities=true
Infineon.AIROC-Wi-Fi-Bluetooth-STM32.1.8.0.ConnectivityCcWirelessJjWifiJjnetworkAainterface=NetXDuo
Infineon.AIROC-Wi-Fi-Bluetooth-STM32.1.8.0.ConnectivityCcWirelessJjWifiJjwcm=WCM
Infineon.AIROC-Wi-Fi-Bluetooth-STM32.1.8.0.ConnectivityCcWirelessJjWifiJjwhdAabspAaintegration=true
Infineon.AIROC-Wi-Fi-Bluetooth-STM32.1.8.0.ConnectivityCcWirelessJjWifiJjwifiAahostAadriver=true
Infineon.AIROC-Wi-Fi-Bluetooth-STM32.1.8.0.IPParameters=CY_WIFI_COUNTRY,CYBSP_WIFI_WL_REG_ON,CYBSP_BT_POWER,ConnectivityCcWirelessJjWifiJjwifiAahostAadriver,ConnectivityCcWirelessJjWifiJjwhdAabspAaintegration,ConnectivityCcWirelessJjWifiJjconnectivityAautilities,ConnectivityCcWirelessJjPlatformJjpal,ConnectivityCcWirelessJjWifiJjnetworkAainterface,ConnectivityCcWirelessJjWifiJjwcm,ConnectivityCcWirelessJjPlatformJjabstractionAartos,ConnectivityCcWirelessJjPlatformJjdevice,ConnectivityCcWirelessJjPlatformJjmodule
Infineon.AIROC-Wi-Fi-Bluetooth-STM32.1.8.0.WirelessJjConnectivity_Checked=true
Infineon.AIROC-Wi-Fi-Bluetooth-STM32.1.8.0_SwParameter=ConnectivityCcWirelessJjWifiJjwhdAabspAaintegration\:true;ConnectivityCcWirelessJjPlatformJjmodule\:MURATAAa2FY;ConnectivityCcWirelessJjWifiJjnetworkAainterface\:NetXDuo;ConnectivityCcWirelessJjWifiJjconnectivityAautilities\:true;ConnectivityCcWirelessJjWifiJjwcm\:WCM;ConnectivityCcWirelessJjPlatformJjdevice\:CYW55500;ConnectivityCcWirelessJjPlatformJjpal\:true;ConnectivityCcWirelessJjWifiJjwifiAahostAadriver\:true;ConnectivityCcWirelessJjPlatformJjabstractionAartos\:ThreadX;
KeepUserPlacement=false
MMTAppReg1.MEMORYMAP.AppRegionName=DTCMRAM
MMTAppReg1.MEMORYMAP.ContextName=Cortex-M7NS
MMTAppReg1.MEMORYMAP.CoreName=Arm Cortex-M7
MMTAppReg1.MEMORYMAP.IPParameters=StartAddress,Size,CoreName,ContextName,Name
MMTAppReg1.MEMORYMAP.Name=DTCMRAM
MMTAppReg1.MEMORYMAP.Size=131072
MMTAppReg1.MEMORYMAP.StartAddress=0x20000000
MMTAppReg2.MEMORYMAP.AppRegionName=RAM
MMTAppReg2.MEMORYMAP.ContextName=Cortex-M7NS
MMTAppReg2.MEMORYMAP.CoreName=Arm Cortex-M7
MMTAppReg2.MEMORYMAP.DefaultDataRegion=true
MMTAppReg2.MEMORYMAP.IPParameters=StartAddress,Size,CoreName,ContextName,Name,DefaultDataRegion
MMTAppReg2.MEMORYMAP.Name=RAM
MMTAppReg2.MEMORYMAP.Size=327680
MMTAppReg2.MEMORYMAP.StartAddress=0x24000000
MMTAppReg3.MEMORYMAP.AppRegionName=RAM_D2
MMTAppReg3.MEMORYMAP.ContextName=Cortex-M7NS
MMTAppReg3.MEMORYMAP.CoreName=Arm Cortex-M7
MMTAppReg3.MEMORYMAP.IPParameters=StartAddress,Size,CoreName,ContextName,Name
MMTAppReg3.MEMORYMAP.Name=RAM_D2
MMTAppReg3.MEMORYMAP.Size=32768
MMTAppReg3.MEMORYMAP.StartAddress=0x30000000
MMTAppReg4.MEMORYMAP.AppRegionName=RAM_D3
MMTAppReg4.MEMORYMAP.ContextName=Cortex-M7NS
MMTAppReg4.MEMORYMAP.CoreName=Arm Cortex-M7
MMTAppReg4.MEMORYMAP.IPParameters=StartAddress,Size,CoreName,ContextName,Name
MMTAppReg4.MEMORYMAP.Name=RAM_D3
MMTAppReg4.MEMORYMAP.Size=16384
MMTAppReg4.MEMORYMAP.StartAddress=0x38000000
MMTAppReg5.MEMORYMAP.AppRegionName=ITCMRAM
MMTAppReg5.MEMORYMAP.Cacheability=WTRA
MMTAppReg5.MEMORYMAP.ContextName=Cortex-M7NS
MMTAppReg5.MEMORYMAP.CoreName=Arm Cortex-M7
MMTAppReg5.MEMORYMAP.IPParameters=StartAddress,Size,CoreName,ContextName,Name,Cacheability
MMTAppReg5.MEMORYMAP.Name=ITCMRAM
MMTAppReg5.MEMORYMAP.Size=65536
MMTAppReg5.MEMORYMAP.StartAddress=0x00000000
MMTAppReg6.MEMORYMAP.AP=RO_priv_only
MMTAppReg6.MEMORYMAP.AppRegionName=FLASH
MMTAppReg6.MEMORYMAP.Cacheability=WTRA
MMTAppReg6.MEMORYMAP.ContextName=Cortex-M7NS
MMTAppReg6.MEMORYMAP.CoreName=Arm Cortex-M7
MMTAppReg6.MEMORYMAP.DefaultCodeRegion=true
MMTAppReg6.MEMORYMAP.IPParameters=StartAddress,Size,CoreName,MemType,ContextName,Name,AP,Cacheability,DefaultCodeRegion,ISRRegion,RootBootRegion
MMTAppReg6.MEMORYMAP.ISRRegion=true
MMTAppReg6.MEMORYMAP.MemType=ROM
MMTAppReg6.MEMORYMAP.Name=FLASH
MMTAppReg6.MEMORYMAP.RootBootRegion=true
MMTAppReg6.MEMORYMAP.Size=1048576
MMTAppReg6.MEMORYMAP.StartAddress=0x08000000
MMTAppReg7.MEMORYMAP.AppRegionName=RAM_D4
MMTAppReg7.MEMORYMAP.Cacheability=WTRA
MMTAppReg7.MEMORYMAP.ContextName=Cortex-M7NS
MMTAppReg7.MEMORYMAP.CoreName=Arm Cortex-M7
MMTAppReg7.MEMORYMAP.IPParameters=StartAddress,Size,CoreName,ContextName,Name,Cacheability
MMTAppReg7.MEMORYMAP.Name=RAM_D4
MMTAppReg7.MEMORYMAP.Size=32768
MMTAppReg7.MEMORYMAP.StartAddress=0x10000000
MMTAppReg8.MEMORYMAP.AppRegionName=RAM_BackUp
MMTAppReg8.MEMORYMAP.ContextName=Cortex-M7NS
MMTAppReg8.MEMORYMAP.CoreName=Arm Cortex-M7
MMTAppReg8.MEMORYMAP.IPParameters=StartAddress,Size,CoreName,ContextName,Name
MMTAppReg8.MEMORYMAP.Name=RAM_BackUp
MMTAppReg8.MEMORYMAP.Size=4096
MMTAppReg8.MEMORYMAP.StartAddress=0x38800000
MMTAppRegionsCount=8
MMTConfigApplied=false
MMTSectionSuffix=
Mcu.CPN=STM32H723VGT6
Mcu.Family=STM32H7
Mcu.IP0=ADC1
Mcu.IP1=ADC2
Mcu.IP10=TIM6
Mcu.IP11=TIM7
Mcu.IP12=USART1
Mcu.IP13=USART3
Mcu.IP2=CORTEX_M7
Mcu.IP3=DEBUG
Mcu.IP4=DMA
Mcu.IP5=MEMORYMAP
Mcu.IP6=NVIC
Mcu.IP7=RCC
Mcu.IP8=SDMMC1
Mcu.IP9=SYS
Mcu.IPNb=14
Mcu.Name=STM32H723VGTx
Mcu.Package=LQFP100
Mcu.Pin0=PE2
Mcu.Pin1=PE3
Mcu.Pin10=PC0
Mcu.Pin11=PA4
Mcu.Pin12=PA5
Mcu.Pin13=PA6
Mcu.Pin14=PC5
Mcu.Pin15=PB0
Mcu.Pin16=PB1
Mcu.Pin17=PB11
Mcu.Pin18=PB12
Mcu.Pin19=PB13
Mcu.Pin2=PE4
Mcu.Pin20=PB14
Mcu.Pin21=PB15
Mcu.Pin22=PD8
Mcu.Pin23=PD9
Mcu.Pin24=PD10
Mcu.Pin25=PD11
Mcu.Pin26=PD12
Mcu.Pin27=PD13
Mcu.Pin28=PD14
Mcu.Pin29=PD15
Mcu.Pin3=PE5
Mcu.Pin30=PC6
Mcu.Pin31=PC7
Mcu.Pin32=PC8
Mcu.Pin33=PC9
Mcu.Pin34=PA8
Mcu.Pin35=PA9
Mcu.Pin36=PA10
Mcu.Pin37=PA11
Mcu.Pin38=PA12
Mcu.Pin39=PA13(JTMS/SWDIO)
Mcu.Pin4=PE6
Mcu.Pin40=PA14(JTCK/SWCLK)
Mcu.Pin41=PA15(JTDI)
Mcu.Pin42=PC10
Mcu.Pin43=PC11
Mcu.Pin44=PC12
Mcu.Pin45=PD0
Mcu.Pin46=PD1
Mcu.Pin47=PD2
Mcu.Pin48=PD3
Mcu.Pin49=PD5
Mcu.Pin5=PC13
Mcu.Pin50=PD6
Mcu.Pin51=PB3(JTDO/TRACESWO)
Mcu.Pin52=PB4(NJTRST)
Mcu.Pin53=PB5
Mcu.Pin54=PB6
Mcu.Pin55=PB7
Mcu.Pin56=PB8
Mcu.Pin57=PB9
Mcu.Pin58=PE0
Mcu.Pin59=PE1
Mcu.Pin6=PC14-OSC32_IN
Mcu.Pin60=VP_SYS_VS_tim1
Mcu.Pin61=VP_TIM6_VS_ClockSourceINT
Mcu.Pin62=VP_TIM7_VS_ClockSourceINT
Mcu.Pin63=VP_MEMORYMAP_VS_MEMORYMAP
Mcu.Pin64=VP_STMicroelectronics.X-CUBE-AZRTOS-H7_VS_RTOSJjThreadX_6.4.0_3.5.0
Mcu.Pin65=VP_STMicroelectronics.X-CUBE-AZRTOS-H7_VS_NetworkJjNetXDuo_6.4.0_3.5.0
Mcu.Pin66=VP_Infineon.AIROC-Wi-Fi-Bluetooth-STM32_VS_WirelessJjConnectivity_1.8.0_1.8.0
Mcu.Pin7=PC15-OSC32_OUT
Mcu.Pin8=PH0-OSC_IN
Mcu.Pin9=PH1-OSC_OUT
Mcu.PinsNb=67
Mcu.ThirdParty0=Infineon.AIROC-Wi-Fi-Bluetooth-STM32.1.8.0
Mcu.ThirdParty1=STMicroelectronics.X-CUBE-AZRTOS-H7.3.5.0
Mcu.ThirdPartyNb=2
Mcu.UserConstants=
Mcu.UserName=STM32H723VGTx
MxCube.Version=6.18.1
MxDb.Version=DB.6.0.181
NVIC.BusFault_IRQn=true\:0\:0\:false\:false\:true\:false\:false\:false\:false
NVIC.DMA1_Stream0_IRQn=true\:0\:0\:false\:false\:true\:false\:false\:true\:true
NVIC.DMA1_Stream1_IRQn=true\:0\:0\:false\:false\:true\:false\:false\:true\:true
NVIC.DMA1_Stream2_IRQn=true\:0\:0\:false\:false\:true\:true\:false\:true\:true
NVIC.DMA1_Stream3_IRQn=true\:0\:0\:false\:false\:true\:true\:false\:true\:true
NVIC.DebugMonitor_IRQn=true\:0\:0\:false\:false\:true\:false\:false\:false\:false
NVIC.ForceEnableDMAVector=true
NVIC.HardFault_IRQn=true\:0\:0\:false\:false\:true\:false\:false\:false\:false
NVIC.MemoryManagement_IRQn=true\:0\:0\:false\:false\:true\:false\:false\:false\:false
NVIC.NonMaskableInt_IRQn=true\:0\:0\:false\:false\:true\:false\:false\:false\:false
NVIC.PendSV_IRQn=true\:0\:0\:false\:false\:false\:false\:false\:false\:false
NVIC.PriorityGroup=NVIC_PRIORITYGROUP_4
NVIC.SVCall_IRQn=true\:0\:0\:false\:false\:false\:false\:false\:false\:false
NVIC.SavedPendsvIrqHandlerGenerated=true
NVIC.SavedSvcallIrqHandlerGenerated=true
NVIC.SavedSystickIrqHandlerGenerated=true
NVIC.SysTick_IRQn=true\:0\:0\:false\:false\:false\:false\:false\:true\:false
NVIC.TIM1_UP_IRQn=true\:15\:0\:true\:false\:true\:false\:false\:true\:true
NVIC.TIM6_DAC_IRQn=true\:0\:0\:false\:false\:true\:false\:true\:true\:true
NVIC.TIM7_IRQn=true\:0\:0\:false\:false\:true\:false\:true\:true\:true
NVIC.TimeBase=TIM1_UP_IRQn
NVIC.TimeBaseIP=TIM1
NVIC.USART1_IRQn=true\:0\:0\:false\:false\:true\:false\:true\:true\:true
NVIC.USART3_IRQn=true\:0\:0\:false\:false\:true\:false\:true\:true\:true
NVIC.UsageFault_IRQn=true\:0\:0\:false\:false\:true\:false\:false\:false\:false
PA10.GPIOParameters=GPIO_Speed
PA10.GPIO_Speed=GPIO_SPEED_FREQ_HIGH
PA10.Locked=true
PA10.Mode=Asynchronous
PA10.Signal=USART1_RX
PA11.GPIOParameters=GPIO_Speed
PA11.GPIO_Speed=GPIO_SPEED_FREQ_HIGH
PA11.Locked=true
PA11.Mode=CTS_RTS
PA11.Signal=USART1_CTS
PA12.GPIOParameters=GPIO_Speed
PA12.GPIO_Speed=GPIO_SPEED_FREQ_HIGH
PA12.Locked=true
PA12.Mode=CTS_RTS
PA12.Signal=USART1_RTS
PA13(JTMS/SWDIO).Mode=Serial_Wire
PA13(JTMS/SWDIO).Signal=DEBUG_JTMS-SWDIO
PA14(JTCK/SWCLK).Mode=Serial_Wire
PA14(JTCK/SWCLK).Signal=DEBUG_JTCK-SWCLK
PA15(JTDI).Locked=true
PA4.GPIOParameters=GPIO_Label
PA4.GPIO_Label=LY_STICK
PA4.Locked=true
PA4.Signal=ADCx_INP18
PA5.GPIOParameters=GPIO_Label
PA5.GPIO_Label=LX_STICK
PA5.Locked=true
PA5.Signal=ADCx_INP19
PA6.GPIOParameters=GPIO_PuPd,GPIO_Label
PA6.GPIO_Label=LP_STICK
PA6.GPIO_PuPd=GPIO_PULLDOWN
PA6.Locked=true
PA6.Signal=GPIO_Input
PA8.Locked=true
PA9.GPIOParameters=GPIO_Speed
PA9.GPIO_Speed=GPIO_SPEED_FREQ_HIGH
PA9.Locked=true
PA9.Mode=Asynchronous
PA9.Signal=USART1_TX
PB0.GPIOParameters=GPIO_Label
PB0.GPIO_Label=RX_STICK
PB0.Locked=true
PB0.Signal=ADCx_INP9
PB1.GPIOParameters=GPIO_Label
PB1.GPIO_Label=RY_STICK
PB1.Locked=true
PB1.Signal=ADCx_INP5
PB11.GPIOParameters=GPIO_PuPd,GPIO_Label
PB11.GPIO_Label=RP_STICK
PB11.GPIO_PuPd=GPIO_PULLDOWN
PB11.Locked=true
PB11.Signal=GPIO_Input
PB12.GPIOParameters=GPIO_PuPd,GPIO_Label
PB12.GPIO_Label=R1_BUTTON
PB12.GPIO_PuPd=GPIO_PULLDOWN
PB12.Locked=true
PB12.Signal=GPIO_Input
PB13.GPIOParameters=GPIO_PuPd,GPIO_Label
PB13.GPIO_Label=R2_BUTTON
PB13.GPIO_PuPd=GPIO_PULLDOWN
PB13.Locked=true
PB13.Signal=GPIO_Input
PB14.GPIOParameters=GPIO_PuPd,GPIO_Label
PB14.GPIO_Label=R3_BUTTON
PB14.GPIO_PuPd=GPIO_PULLDOWN
PB14.Locked=true
PB14.Signal=GPIO_Input
PB15.GPIOParameters=GPIO_PuPd,GPIO_Label
PB15.GPIO_Label=R4_BUTTON
PB15.GPIO_PuPd=GPIO_PULLDOWN
PB15.Locked=true
PB15.Signal=GPIO_Input
PB3(JTDO/TRACESWO).GPIOParameters=PinState,GPIO_PuPd,GPIO_Label,GPIO_ModeDefaultOutputPP
PB3(JTDO/TRACESWO).GPIO_Label=LED0
PB3(JTDO/TRACESWO).GPIO_ModeDefaultOutputPP=GPIO_MODE_OUTPUT_OD
PB3(JTDO/TRACESWO).GPIO_PuPd=GPIO_NOPULL
PB3(JTDO/TRACESWO).Locked=true
PB3(JTDO/TRACESWO).PinState=GPIO_PIN_SET
PB3(JTDO/TRACESWO).Signal=GPIO_Output
PB4(NJTRST).GPIOParameters=PinState,GPIO_PuPd,GPIO_Label,GPIO_ModeDefaultOutputPP
PB4(NJTRST).GPIO_Label=LED1
PB4(NJTRST).GPIO_ModeDefaultOutputPP=GPIO_MODE_OUTPUT_OD
PB4(NJTRST).GPIO_PuPd=GPIO_NOPULL
PB4(NJTRST).Locked=true
PB4(NJTRST).PinState=GPIO_PIN_SET
PB4(NJTRST).Signal=GPIO_Output
PB5.GPIOParameters=PinState,GPIO_PuPd,GPIO_Label,GPIO_ModeDefaultOutputPP
PB5.GPIO_Label=LED2
PB5.GPIO_ModeDefaultOutputPP=GPIO_MODE_OUTPUT_OD
PB5.GPIO_PuPd=GPIO_NOPULL
PB5.Locked=true
PB5.PinState=GPIO_PIN_SET
PB5.Signal=GPIO_Output
PB6.GPIOParameters=PinState,GPIO_PuPd,GPIO_Label,GPIO_ModeDefaultOutputPP
PB6.GPIO_Label=LED3
PB6.GPIO_ModeDefaultOutputPP=GPIO_MODE_OUTPUT_OD
PB6.GPIO_PuPd=GPIO_NOPULL
PB6.Locked=true
PB6.PinState=GPIO_PIN_SET
PB6.Signal=GPIO_Output
PB7.GPIOParameters=PinState,GPIO_PuPd,GPIO_Label,GPIO_ModeDefaultOutputPP
PB7.GPIO_Label=LED4
PB7.GPIO_ModeDefaultOutputPP=GPIO_MODE_OUTPUT_OD
PB7.GPIO_PuPd=GPIO_NOPULL
PB7.Locked=true
PB7.PinState=GPIO_PIN_SET
PB7.Signal=GPIO_Output
PB8.GPIOParameters=PinState,GPIO_PuPd,GPIO_Label,GPIO_ModeDefaultOutputPP
PB8.GPIO_Label=LEDWL
PB8.GPIO_ModeDefaultOutputPP=GPIO_MODE_OUTPUT_OD
PB8.GPIO_PuPd=GPIO_NOPULL
PB8.Locked=true
PB8.PinState=GPIO_PIN_SET
PB8.Signal=GPIO_Output
PB9.GPIOParameters=PinState,GPIO_PuPd,GPIO_Label,GPIO_ModeDefaultOutputPP
PB9.GPIO_Label=LEDUSB
PB9.GPIO_ModeDefaultOutputPP=GPIO_MODE_OUTPUT_OD
PB9.GPIO_PuPd=GPIO_NOPULL
PB9.Locked=true
PB9.PinState=GPIO_PIN_SET
PB9.Signal=GPIO_Output
PC0.GPIOParameters=GPIO_PuPd,GPIO_Label
PC0.GPIO_Label=L8_BUTTON
PC0.GPIO_PuPd=GPIO_PULLDOWN
PC0.Locked=true
PC0.Signal=GPIO_Input
PC10.Mode=SD_4_bits_Wide_bus
PC10.Signal=SDMMC1_D2
PC11.Mode=SD_4_bits_Wide_bus
PC11.Signal=SDMMC1_D3
PC12.Mode=SD_4_bits_Wide_bus
PC12.Signal=SDMMC1_CK
PC13.GPIOParameters=GPIO_PuPd,GPIO_Label
PC13.GPIO_Label=L5_BUTTON
PC13.GPIO_PuPd=GPIO_PULLDOWN
PC13.Locked=true
PC13.Signal=GPIO_Input
PC14-OSC32_IN.GPIOParameters=GPIO_PuPd,GPIO_Label
PC14-OSC32_IN.GPIO_Label=L6_BUTTON
PC14-OSC32_IN.GPIO_PuPd=GPIO_PULLDOWN
PC14-OSC32_IN.Locked=true
PC14-OSC32_IN.Signal=GPIO_Input
PC15-OSC32_OUT.GPIOParameters=GPIO_PuPd,GPIO_Label
PC15-OSC32_OUT.GPIO_Label=L7_BUTTON
PC15-OSC32_OUT.GPIO_PuPd=GPIO_PULLDOWN
PC15-OSC32_OUT.Locked=true
PC15-OSC32_OUT.Signal=GPIO_Input
PC5.GPIOParameters=GPIO_Label
PC5.GPIO_Label=LiPo_OBSERVE
PC5.Locked=true
PC5.Signal=ADCx_INP8
PC6.GPIOParameters=GPIO_PuPd,GPIO_Label
PC6.GPIO_Label=R1_LEVER
PC6.GPIO_PuPd=GPIO_PULLDOWN
PC6.Locked=true
PC6.Signal=GPIO_Input
PC7.Locked=true
PC8.Locked=true
PC8.Mode=SD_4_bits_Wide_bus
PC8.Signal=SDMMC1_D0
PC9.Mode=SD_4_bits_Wide_bus
PC9.Signal=SDMMC1_D1
PD0.Locked=true
PD1.Locked=true
PD10.GPIOParameters=GPIO_PuPd,GPIO_Label
PD10.GPIO_Label=R4_LEVER
PD10.GPIO_PuPd=GPIO_PULLDOWN
PD10.Locked=true
PD10.Signal=GPIO_Input
PD11.GPIOParameters=GPIO_Speed
PD11.GPIO_Speed=GPIO_SPEED_FREQ_HIGH
PD11.Locked=true
PD11.Mode=CTS_RTS
PD11.Signal=USART3_CTS
PD12.GPIOParameters=GPIO_Speed
PD12.GPIO_Speed=GPIO_SPEED_FREQ_HIGH
PD12.Locked=true
PD12.Mode=CTS_RTS
PD12.Signal=USART3_RTS
PD13.GPIOParameters=GPIO_PuPd,GPIO_Label
PD13.GPIO_Label=R3_LEVER
PD13.GPIO_PuPd=GPIO_PULLDOWN
PD13.Locked=true
PD13.Signal=GPIO_Input
PD14.GPIOParameters=GPIO_PuPd,GPIO_Label
PD14.GPIO_Label=R0_LEVER
PD14.GPIO_PuPd=GPIO_PULLDOWN
PD14.Locked=true
PD14.Signal=GPIO_Input
PD15.GPIOParameters=GPIO_PuPd,GPIO_Label
PD15.GPIO_Label=R2_LEVER
PD15.GPIO_PuPd=GPIO_PULLDOWN
PD15.Locked=true
PD15.Signal=GPIO_Input
PD2.Mode=SD_4_bits_Wide_bus
PD2.Signal=SDMMC1_CMD
PD3.Locked=true
PD5.GPIOParameters=PinState,GPIO_PuPd,GPIO_Label,GPIO_ModeDefaultOutputPP
PD5.GPIO_Label=WL_ON
PD5.GPIO_ModeDefaultOutputPP=GPIO_MODE_OUTPUT_OD
PD5.GPIO_PuPd=GPIO_NOPULL
PD5.Locked=true
PD5.PinState=GPIO_PIN_SET
PD5.Signal=GPIO_Output
PD6.GPIOParameters=PinState,GPIO_Label
PD6.GPIO_Label=BT_ON
PD6.Locked=true
PD6.PinState=GPIO_PIN_SET
PD6.Signal=GPIO_Output
PD8.GPIOParameters=GPIO_Speed
PD8.GPIO_Speed=GPIO_SPEED_FREQ_HIGH
PD8.Locked=true
PD8.Mode=Asynchronous
PD8.Signal=USART3_TX
PD9.GPIOParameters=GPIO_Speed
PD9.GPIO_Speed=GPIO_SPEED_FREQ_HIGH
PD9.Locked=true
PD9.Mode=Asynchronous
PD9.Signal=USART3_RX
PE0.GPIOParameters=PinState,GPIO_PuPd,GPIO_Label,GPIO_ModeDefaultOutputPP
PE0.GPIO_Label=LEDLiPo_GOOD
PE0.GPIO_ModeDefaultOutputPP=GPIO_MODE_OUTPUT_OD
PE0.GPIO_PuPd=GPIO_NOPULL
PE0.Locked=true
PE0.PinState=GPIO_PIN_SET
PE0.Signal=GPIO_Output
PE1.GPIOParameters=PinState,GPIO_PuPd,GPIO_Label,GPIO_ModeDefaultOutputPP
PE1.GPIO_Label=LEDLiPo_BAD
PE1.GPIO_ModeDefaultOutputPP=GPIO_MODE_OUTPUT_OD
PE1.GPIO_PuPd=GPIO_NOPULL
PE1.Locked=true
PE1.PinState=GPIO_PIN_SET
PE1.Signal=GPIO_Output
PE2.GPIOParameters=GPIO_PuPd,GPIO_Label
PE2.GPIO_Label=L0_LEVER
PE2.GPIO_PuPd=GPIO_PULLDOWN
PE2.Locked=true
PE2.Signal=GPIO_Input
PE3.GPIOParameters=GPIO_PuPd,GPIO_Label
PE3.GPIO_Label=L2_LEVER
PE3.GPIO_PuPd=GPIO_PULLDOWN
PE3.Locked=true
PE3.Signal=GPIO_Input
PE4.GPIOParameters=GPIO_PuPd,GPIO_Label
PE4.GPIO_Label=L1_LEVER
PE4.GPIO_PuPd=GPIO_PULLDOWN
PE4.Locked=true
PE4.Signal=GPIO_Input
PE5.GPIOParameters=GPIO_PuPd,GPIO_Label
PE5.GPIO_Label=L3_LEVER
PE5.GPIO_PuPd=GPIO_PULLDOWN
PE5.Locked=true
PE5.Signal=GPIO_Input
PE6.GPIOParameters=GPIO_PuPd,GPIO_Label
PE6.GPIO_Label=L4_LEVER
PE6.GPIO_PuPd=GPIO_PULLDOWN
PE6.Locked=true
PE6.Signal=GPIO_Input
PH0-OSC_IN.Locked=true
PH0-OSC_IN.Mode=HSE-External-Oscillator
PH0-OSC_IN.Signal=RCC_OSC_IN
PH1-OSC_OUT.Locked=true
PH1-OSC_OUT.Mode=HSE-External-Oscillator
PH1-OSC_OUT.Signal=RCC_OSC_OUT
PinOutPanel.RotationAngle=0
ProjectManager.AskForMigrate=true
ProjectManager.BackupPrevious=false
ProjectManager.CompilerLinker=GCC
ProjectManager.CompilerOptimize=6
ProjectManager.ComputerToolchain=false
ProjectManager.CoupleFile=true
ProjectManager.CustomerFirmwarePackage=
ProjectManager.DefaultFWLocation=true
ProjectManager.DeletePrevious=true
ProjectManager.DeviceId=STM32H723VGTx
ProjectManager.FirmwarePackage=STM32Cube FW_H7 V1.13.0
ProjectManager.FreePins=false
ProjectManager.FreePinsContext=
ProjectManager.HalAssertFull=false
ProjectManager.HeapSize=0x8000
ProjectManager.KeepUserCode=true
ProjectManager.LastFirmware=true
ProjectManager.LibraryCopy=1
ProjectManager.MainLocation=Core/Src
ProjectManager.NoMain=false
ProjectManager.PreviousToolchain=
ProjectManager.ProjectBuild=false
ProjectManager.ProjectFileName=robo-con-Wi-Fi-v2.ioc
ProjectManager.ProjectName=robo-con-Wi-Fi-v2
ProjectManager.ProjectStructure=
ProjectManager.RegisterCallBack=
ProjectManager.StackSize=0x2000
ProjectManager.TargetToolchain=CMake
ProjectManager.ToolChainLocation=
ProjectManager.UAScriptAfterPath=
ProjectManager.UAScriptBeforePath=
ProjectManager.UnderRoot=false
ProjectManager.functionlistsort=1-SystemClock_Config-RCC-false-HAL-false,2-MX_GPIO_Init-GPIO-false-HAL-true,3-MX_DMA_Init-DMA-false-HAL-true,4-MX_SDMMC1_SD_Init-SDMMC1-false-HAL-true,5-MX_USART1_UART_Init-USART1-false-HAL-true,6-MX_USART3_UART_Init-USART3-false-HAL-true,7-MX_ADC1_Init-ADC1-false-HAL-true,8-MX_ADC2_Init-ADC2-false-HAL-true,9-MX_TIM6_Init-TIM6-false-HAL-true,10-MX_TIM7_Init-TIM7-false-HAL-true,0-MX_CORTEX_M7_Init-CORTEX_M7-false-HAL-true
RCC.ADCFreq_Value=100000000
RCC.AHB12Freq_Value=275000000
RCC.AHB4Freq_Value=275000000
RCC.APB1Freq_Value=137500000
RCC.APB2Freq_Value=137500000
RCC.APB3Freq_Value=137500000
RCC.APB4Freq_Value=137500000
RCC.AXIClockFreq_Value=275000000
RCC.CECFreq_Value=32000
RCC.CKPERFreq_Value=64000000
RCC.CortexFreq_Value=550000000
RCC.CpuClockFreq_Value=550000000
RCC.D1CPREFreq_Value=550000000
RCC.D1PPRE=RCC_APB3_DIV2
RCC.D2PPRE1=RCC_APB1_DIV2
RCC.D2PPRE2=RCC_APB2_DIV2
RCC.D3PPRE=RCC_APB4_DIV2
RCC.DFSDMACLkFreq_Value=275000000
RCC.DFSDMFreq_Value=137500000
RCC.DIVM1=5
RCC.DIVM2=5
RCC.DIVN1=110
RCC.DIVN2=40
RCC.DIVN3=80
RCC.DIVP1=1
RCC.DIVP1Freq_Value=550000000
RCC.DIVP2Freq_Value=100000000
RCC.DIVP3Freq_Value=31250000
RCC.DIVQ1Freq_Value=275000000
RCC.DIVQ2Freq_Value=100000000
RCC.DIVQ3Freq_Value=31250000
RCC.DIVR1Freq_Value=275000000
RCC.DIVR2=20
RCC.DIVR2Freq_Value=10000000
RCC.DIVR3Freq_Value=31250000
RCC.FDCANFreq_Value=275000000
RCC.FMCFreq_Value=275000000
RCC.FamilyName=M
RCC.HCLK3ClockFreq_Value=275000000
RCC.HCLKFreq_Value=275000000
RCC.HPRE=RCC_HCLK_DIV2
RCC.I2C123Freq_Value=137500000
RCC.I2C4Freq_Value=137500000
RCC.IPParameters=ADCFreq_Value,AHB12Freq_Value,AHB4Freq_Value,APB1Freq_Value,APB2Freq_Value,APB3Freq_Value,APB4Freq_Value,AXIClockFreq_Value,CECFreq_Value,CKPERFreq_Value,CortexFreq_Value,CpuClockFreq_Value,D1CPREFreq_Value,D1PPRE,D2PPRE1,D2PPRE2,D3PPRE,DFSDMACLkFreq_Value,DFSDMFreq_Value,DIVM1,DIVM2,DIVN1,DIVN2,DIVN3,DIVP1,DIVP1Freq_Value,DIVP2Freq_Value,DIVP3Freq_Value,DIVQ1Freq_Value,DIVQ2Freq_Value,DIVQ3Freq_Value,DIVR1Freq_Value,DIVR2,DIVR2Freq_Value,DIVR3Freq_Value,FDCANFreq_Value,FMCFreq_Value,FamilyName,HCLK3ClockFreq_Value,HCLKFreq_Value,HPRE,I2C123Freq_Value,I2C4Freq_Value,LPTIM1Freq_Value,LPTIM2Freq_Value,LPTIM345Freq_Value,LPUART1Freq_Value,LTDCFreq_Value,MCO1PinFreq_Value,MCO2PinFreq_Value,PLLSourceVirtual,QSPIFreq_Value,RNGFreq_Value,RTCFreq_Value,SAI1Freq_Value,SAI4AFreq_Value,SAI4BFreq_Value,SDMMC1CLockSelection,SDMMCFreq_Value,SPDIFRXFreq_Value,SPI123Freq_Value,SPI45Freq_Value,SPI6Freq_Value,SWPMI1Freq_Value,SYSCLKFreq_VALUE,SYSCLKSource,Tim1OutputFreq_Value,Tim2OutputFreq_Value,TraceFreq_Value,USART16Freq_Value,USART234578Freq_Value,USBFreq_Value,VCO1OutputFreq_Value,VCO2OutputFreq_Value,VCO3OutputFreq_Value,VCOInput1Freq_Value,VCOInput2Freq_Value,VCOInput3Freq_Value,VDD_VALUE
RCC.LPTIM1Freq_Value=137500000
RCC.LPTIM2Freq_Value=137500000
RCC.LPTIM345Freq_Value=137500000
RCC.LPUART1Freq_Value=137500000
RCC.LTDCFreq_Value=31250000
RCC.MCO1PinFreq_Value=64000000
RCC.MCO2PinFreq_Value=550000000
RCC.PLLSourceVirtual=RCC_PLLSOURCE_HSE
RCC.QSPIFreq_Value=275000000
RCC.RNGFreq_Value=48000000
RCC.RTCFreq_Value=32000
RCC.SAI1Freq_Value=275000000
RCC.SAI4AFreq_Value=275000000
RCC.SAI4BFreq_Value=275000000
RCC.SDMMC1CLockSelection=RCC_SDMMCCLKSOURCE_PLL2
RCC.SDMMCFreq_Value=10000000
RCC.SPDIFRXFreq_Value=275000000
RCC.SPI123Freq_Value=275000000
RCC.SPI45Freq_Value=137500000
RCC.SPI6Freq_Value=137500000
RCC.SWPMI1Freq_Value=137500000
RCC.SYSCLKFreq_VALUE=550000000
RCC.SYSCLKSource=RCC_SYSCLKSOURCE_PLLCLK
RCC.Tim1OutputFreq_Value=275000000
RCC.Tim2OutputFreq_Value=275000000
RCC.TraceFreq_Value=275000000
RCC.USART16Freq_Value=137500000
RCC.USART234578Freq_Value=137500000
RCC.USBFreq_Value=275000000
RCC.VCO1OutputFreq_Value=550000000
RCC.VCO2OutputFreq_Value=200000000
RCC.VCO3OutputFreq_Value=62500000
RCC.VCOInput1Freq_Value=5000000
RCC.VCOInput2Freq_Value=5000000
RCC.VCOInput3Freq_Value=781250
RCC.VDD_VALUE=1.8
SH.ADCx_INP18.0=ADC1_INP18,IN18-Single-Ended
SH.ADCx_INP18.ConfNb=1
SH.ADCx_INP19.0=ADC1_INP19,IN19-Single-Ended
SH.ADCx_INP19.ConfNb=1
SH.ADCx_INP5.0=ADC2_INP5,IN5-Single-Ended
SH.ADCx_INP5.ConfNb=1
SH.ADCx_INP8.0=ADC2_INP8,IN8-Single-Ended
SH.ADCx_INP8.ConfNb=1
SH.ADCx_INP9.0=ADC2_INP9,IN9-Single-Ended
SH.ADCx_INP9.ConfNb=1
STMicroelectronics.X-CUBE-AZRTOS-H7.3.5.0.IPParameters=TX_APP_GENERATE_INIT_CODE,TX_APP_CREATION,TX_APP_SEM_CREATION,ThreadXCcRTOSJjThreadXJjCore,NetXDuoCcNetworkJjNetXDuoJjNXOoCore,NetXDuoCcNetworkJjNetXDuoJjAddonsOoAutoIP,NetXDuoCcNetworkJjNetXDuoJjAddonsOoDHCPOoClient,NetXDuoCcNetworkJjNetXDuoJjAddonsOoDNS
STMicroelectronics.X-CUBE-AZRTOS-H7.3.5.0.NetXDuoCcNetworkJjNetXDuoJjAddonsOoAutoIP=true
STMicroelectronics.X-CUBE-AZRTOS-H7.3.5.0.NetXDuoCcNetworkJjNetXDuoJjAddonsOoDHCPOoClient=true
STMicroelectronics.X-CUBE-AZRTOS-H7.3.5.0.NetXDuoCcNetworkJjNetXDuoJjAddonsOoDNS=true
STMicroelectronics.X-CUBE-AZRTOS-H7.3.5.0.NetXDuoCcNetworkJjNetXDuoJjNXOoCore=true
STMicroelectronics.X-CUBE-AZRTOS-H7.3.5.0.NetworkJjNetXDuo_Checked=true
STMicroelectronics.X-CUBE-AZRTOS-H7.3.5.0.RTOSJjThreadX_Checked=true
STMicroelectronics.X-CUBE-AZRTOS-H7.3.5.0.TX_APP_CREATION=1
STMicroelectronics.X-CUBE-AZRTOS-H7.3.5.0.TX_APP_GENERATE_INIT_CODE=true
STMicroelectronics.X-CUBE-AZRTOS-H7.3.5.0.TX_APP_SEM_CREATION=0
STMicroelectronics.X-CUBE-AZRTOS-H7.3.5.0.ThreadXCcRTOSJjThreadXJjCore=true
STMicroelectronics.X-CUBE-AZRTOS-H7.3.5.0_IsAnAzureRtosMw=true
STMicroelectronics.X-CUBE-AZRTOS-H7.3.5.0_SwParameter=NetXDuoCcNetworkJjNetXDuoJjAddonsOoAutoIP\:true;NetXDuoCcNetworkJjNetXDuoJjAddonsOoDHCPOoClient\:true;NetXDuoCcNetworkJjNetXDuoJjNXOoCore\:true;NetXDuoCcNetworkJjNetXDuoJjAddonsOoDNS\:true;ThreadXCcRTOSJjThreadXJjCore\:true;
TIM6.IPParameters=Prescaler,Period
TIM6.Period=9999
TIM6.Prescaler=2749
TIM7.IPParameters=Prescaler,Period
TIM7.Period=9999
TIM7.Prescaler=274
USART1.IPParameters=VirtualMode-Asynchronous
USART1.VirtualMode-Asynchronous=VM_ASYNC
USART3.IPParameters=VirtualMode-Asynchronous
USART3.VirtualMode-Asynchronous=VM_ASYNC
VP_Infineon.AIROC-Wi-Fi-Bluetooth-STM32_VS_WirelessJjConnectivity_1.8.0_1.8.0.Mode=WirelessJjConnectivity
VP_Infineon.AIROC-Wi-Fi-Bluetooth-STM32_VS_WirelessJjConnectivity_1.8.0_1.8.0.Signal=Infineon.AIROC-Wi-Fi-Bluetooth-STM32_VS_WirelessJjConnectivity_1.8.0_1.8.0
VP_MEMORYMAP_VS_MEMORYMAP.Mode=CurAppReg
VP_MEMORYMAP_VS_MEMORYMAP.Signal=MEMORYMAP_VS_MEMORYMAP
VP_STMicroelectronics.X-CUBE-AZRTOS-H7_VS_NetworkJjNetXDuo_6.4.0_3.5.0.Mode=NetworkJjNetXDuo
VP_STMicroelectronics.X-CUBE-AZRTOS-H7_VS_NetworkJjNetXDuo_6.4.0_3.5.0.Signal=STMicroelectronics.X-CUBE-AZRTOS-H7_VS_NetworkJjNetXDuo_6.4.0_3.5.0
VP_STMicroelectronics.X-CUBE-AZRTOS-H7_VS_RTOSJjThreadX_6.4.0_3.5.0.Mode=RTOSJjThreadX
VP_STMicroelectronics.X-CUBE-AZRTOS-H7_VS_RTOSJjThreadX_6.4.0_3.5.0.Signal=STMicroelectronics.X-CUBE-AZRTOS-H7_VS_RTOSJjThreadX_6.4.0_3.5.0
VP_SYS_VS_tim1.Mode=TIM1
VP_SYS_VS_tim1.Signal=SYS_VS_tim1
VP_TIM6_VS_ClockSourceINT.Mode=Enable_Timer
VP_TIM6_VS_ClockSourceINT.Signal=TIM6_VS_ClockSourceINT
VP_TIM7_VS_ClockSourceINT.Mode=Enable_Timer
VP_TIM7_VS_ClockSourceINT.Signal=TIM7_VS_ClockSourceINT
board=custom
