#MicroXplorer Configuration settings - do not modify
ADC1.Channel-0\#ChannelRegularConversion=ADC_CHANNEL_19
ADC1.ClockPrescaler=ADC_CLOCK_ASYNC_DIV2
ADC1.IPParameters=Rank-0\#ChannelRegularConversion,Channel-0\#ChannelRegularConversion,SamplingTime-0\#ChannelRegularConversion,OffsetNumber-0\#ChannelRegularConversion,OffsetSignedSaturation-0\#ChannelRegularConversion,NbrOfConversionFlag,master,ClockPrescaler
ADC1.NbrOfConversionFlag=1
ADC1.OffsetNumber-0\#ChannelRegularConversion=ADC_OFFSET_NONE
ADC1.OffsetSignedSaturation-0\#ChannelRegularConversion=DISABLE
ADC1.Rank-0\#ChannelRegularConversion=1
ADC1.SamplingTime-0\#ChannelRegularConversion=ADC_SAMPLETIME_1CYCLE_5
ADC1.master=1
ADC2.Channel-0\#ChannelRegularConversion=ADC_CHANNEL_10
ADC2.ClockPrescaler=ADC_CLOCK_ASYNC_DIV2
ADC2.IPParameters=Rank-0\#ChannelRegularConversion,Channel-0\#ChannelRegularConversion,SamplingTime-0\#ChannelRegularConversion,OffsetNumber-0\#ChannelRegularConversion,OffsetSignedSaturation-0\#ChannelRegularConversion,NbrOfConversionFlag,ClockPrescaler
ADC2.NbrOfConversionFlag=1
ADC2.OffsetNumber-0\#ChannelRegularConversion=ADC_OFFSET_NONE
ADC2.OffsetSignedSaturation-0\#ChannelRegularConversion=DISABLE
ADC2.Rank-0\#ChannelRegularConversion=1
ADC2.SamplingTime-0\#ChannelRegularConversion=ADC_SAMPLETIME_1CYCLE_5
CAD.formats=
CAD.pinconfig=
CAD.provider=
CORTEX_M7.IPParameters=default_mode_Activation
CORTEX_M7.default_mode_Activation=1
File.Version=6
GPIO.groupedBy=Group By Peripherals
Infineon.AIROC-Wi-Fi-Bluetooth-STM32.1.8.0.CY_WIFI_COUNTRY=WHD_COUNTRY_JAPAN
Infineon.AIROC-Wi-Fi-Bluetooth-STM32.1.8.0.ConnectivityCcWirelessJjPlatformJjabstractionAartos=ThreadX
Infineon.AIROC-Wi-Fi-Bluetooth-STM32.1.8.0.ConnectivityCcWirelessJjPlatformJjdevice=CYW55500
Infineon.AIROC-Wi-Fi-Bluetooth-STM32.1.8.0.ConnectivityCcWirelessJjPlatformJjmodule=MURATAAa2FY
Infineon.AIROC-Wi-Fi-Bluetooth-STM32.1.8.0.ConnectivityCcWirelessJjPlatformJjpal=true
Infineon.AIROC-Wi-Fi-Bluetooth-STM32.1.8.0.ConnectivityCcWirelessJjWifiJjconnectivityAautilities=true
Infineon.AIROC-Wi-Fi-Bluetooth-STM32.1.8.0.ConnectivityCcWirelessJjWifiJjnetworkAainterface=NetXDuo
Infineon.AIROC-Wi-Fi-Bluetooth-STM32.1.8.0.ConnectivityCcWirelessJjWifiJjsecureAasockets=true
Infineon.AIROC-Wi-Fi-Bluetooth-STM32.1.8.0.ConnectivityCcWirelessJjWifiJjwcm=WCM
Infineon.AIROC-Wi-Fi-Bluetooth-STM32.1.8.0.ConnectivityCcWirelessJjWifiJjwhdAabspAaintegration=true
Infineon.AIROC-Wi-Fi-Bluetooth-STM32.1.8.0.ConnectivityCcWirelessJjWifiJjwifiAahostAadriver=true
Infineon.AIROC-Wi-Fi-Bluetooth-STM32.1.8.0.IPParameters=ConnectivityCcWirelessJjWifiJjwhdAabspAaintegration,ConnectivityCcWirelessJjPlatformJjmodule,ConnectivityCcWirelessJjWifiJjnetworkAainterface,ConnectivityCcWirelessJjWifiJjconnectivityAautilities,ConnectivityCcWirelessJjWifiJjwcm,ConnectivityCcWirelessJjPlatformJjdevice,ConnectivityCcWirelessJjPlatformJjpal,ConnectivityCcWirelessJjWifiJjwifiAahostAadriver,ConnectivityCcWirelessJjPlatformJjabstractionAartos,ConnectivityCcWirelessJjWifiJjsecureAasockets,CY_WIFI_COUNTRY
Infineon.AIROC-Wi-Fi-Bluetooth-STM32.1.8.0.WirelessJjConnectivity_Checked=true
Infineon.AIROC-Wi-Fi-Bluetooth-STM32.1.8.0_SwParameter=ConnectivityCcWirelessJjWifiJjwhdAabspAaintegration\:true;ConnectivityCcWirelessJjPlatformJjmodule\:MURATAAa2FY;ConnectivityCcWirelessJjWifiJjnetworkAainterface\:NetXDuo;ConnectivityCcWirelessJjWifiJjconnectivityAautilities\:true;ConnectivityCcWirelessJjWifiJjwcm\:WCM;ConnectivityCcWirelessJjPlatformJjdevice\:CYW55500;ConnectivityCcWirelessJjPlatformJjpal\:true;ConnectivityCcWirelessJjWifiJjwifiAahostAadriver\:true;ConnectivityCcWirelessJjPlatformJjabstractionAartos\:ThreadX;ConnectivityCcWirelessJjWifiJjsecureAasockets\:true;
KeepUserPlacement=false
MMTAppReg1.MEMORYMAP.AppRegionName=DTCMRAM
MMTAppReg1.MEMORYMAP.ContextName=Cortex-M7NS
MMTAppReg1.MEMORYMAP.CoreName=Arm Cortex-M7
MMTAppReg1.MEMORYMAP.IPParameters=StartAddress,Size,CoreName,ContextName,Name
MMTAppReg1.MEMORYMAP.Name=DTCMRAM
MMTAppReg1.MEMORYMAP.Size=131072
MMTAppReg1.MEMORYMAP.StartAddress=0x20000000
MMTAppReg2.MEMORYMAP.AppRegionName=RAM
MMTAppReg2.MEMORYMAP.ContextName=Cortex-M7NS
MMTAppReg2.MEMORYMAP.CoreName=Arm Cortex-M7
MMTAppReg2.MEMORYMAP.DefaultDataRegion=true
MMTAppReg2.MEMORYMAP.IPParameters=StartAddress,Size,CoreName,ContextName,Name,DefaultDataRegion
MMTAppReg2.MEMORYMAP.Name=RAM
MMTAppReg2.MEMORYMAP.Size=1048576
MMTAppReg2.MEMORYMAP.StartAddress=0x24000000
MMTAppReg3.MEMORYMAP.AppRegionName=ITCMRAM
MMTAppReg3.MEMORYMAP.Cacheability=WTRA
MMTAppReg3.MEMORYMAP.ContextName=Cortex-M7NS
MMTAppReg3.MEMORYMAP.CoreName=Arm Cortex-M7
MMTAppReg3.MEMORYMAP.IPParameters=StartAddress,Size,CoreName,ContextName,Name,Cacheability
MMTAppReg3.MEMORYMAP.Name=ITCMRAM
MMTAppReg3.MEMORYMAP.Size=65536
MMTAppReg3.MEMORYMAP.StartAddress=0x00000000
MMTAppReg4.MEMORYMAP.AP=RO_priv_only
MMTAppReg4.MEMORYMAP.AppRegionName=FLASH
MMTAppReg4.MEMORYMAP.Cacheability=WTRA
MMTAppReg4.MEMORYMAP.ContextName=Cortex-M7NS
MMTAppReg4.MEMORYMAP.CoreName=Arm Cortex-M7
MMTAppReg4.MEMORYMAP.DefaultCodeRegion=true
MMTAppReg4.MEMORYMAP.IPParameters=StartAddress,Size,CoreName,MemType,ContextName,Name,AP,Cacheability,DefaultCodeRegion,ISRRegion,RootBootRegion
MMTAppReg4.MEMORYMAP.ISRRegion=true
MMTAppReg4.MEMORYMAP.MemType=ROM
MMTAppReg4.MEMORYMAP.Name=FLASH
MMTAppReg4.MEMORYMAP.RootBootRegion=true
MMTAppReg4.MEMORYMAP.Size=524288
MMTAppReg4.MEMORYMAP.StartAddress=0x08000000
MMTAppReg5.MEMORYMAP.AP=RO_priv_only
MMTAppReg5.MEMORYMAP.AppRegionName=FLASH2
MMTAppReg5.MEMORYMAP.Cacheability=WTRA
MMTAppReg5.MEMORYMAP.ContextName=Cortex-M7NS
MMTAppReg5.MEMORYMAP.CoreName=Arm Cortex-M7
MMTAppReg5.MEMORYMAP.IPParameters=StartAddress,Size,CoreName,MemType,ContextName,Name,AP,Cacheability
MMTAppReg5.MEMORYMAP.MemType=ROM
MMTAppReg5.MEMORYMAP.Name=FLASH2
MMTAppReg5.MEMORYMAP.Size=524288
MMTAppReg5.MEMORYMAP.StartAddress=0x08080000
MMTAppReg6.MEMORYMAP.AppRegionName=RAM_D2
MMTAppReg6.MEMORYMAP.ContextName=Cortex-M7NS
MMTAppReg6.MEMORYMAP.CoreName=Arm Cortex-M7
MMTAppReg6.MEMORYMAP.IPParameters=StartAddress,Size,CoreName,ContextName,Name
MMTAppReg6.MEMORYMAP.Name=RAM_D2
MMTAppReg6.MEMORYMAP.Size=131072
MMTAppReg6.MEMORYMAP.StartAddress=0x30000000
MMTAppReg7.MEMORYMAP.AppRegionName=RAM_D3
MMTAppReg7.MEMORYMAP.ContextName=Cortex-M7NS
MMTAppReg7.MEMORYMAP.CoreName=Arm Cortex-M7
MMTAppReg7.MEMORYMAP.IPParameters=StartAddress,Size,CoreName,ContextName,Name
MMTAppReg7.MEMORYMAP.Name=RAM_D3
MMTAppReg7.MEMORYMAP.Size=65536
MMTAppReg7.MEMORYMAP.StartAddress=0x38000000
MMTAppReg8.MEMORYMAP.AppRegionName=RAM_BackUp
MMTAppReg8.MEMORYMAP.ContextName=Cortex-M7NS
MMTAppReg8.MEMORYMAP.CoreName=Arm Cortex-M7
MMTAppReg8.MEMORYMAP.IPParameters=StartAddress,Size,CoreName,ContextName,Name
MMTAppReg8.MEMORYMAP.Name=RAM_BackUp
MMTAppReg8.MEMORYMAP.Size=4096
MMTAppReg8.MEMORYMAP.StartAddress=0x38800000
MMTAppRegionsCount=8
MMTConfigApplied=false
MMTSectionSuffix=
Mcu.CPN=STM32H7A3RGT6
Mcu.Family=STM32H7
Mcu.IP0=ADC1
Mcu.IP1=ADC2
Mcu.IP10=USART2
Mcu.IP2=CORTEX_M7
Mcu.IP3=DEBUG
Mcu.IP4=MEMORYMAP
Mcu.IP5=NVIC
Mcu.IP6=RCC
Mcu.IP7=SDMMC1
Mcu.IP8=SYS
Mcu.IP9=USART1
Mcu.IPNb=11
Mcu.Name=STM32H7A3R(G-I)Tx
Mcu.Package=LQFP64
Mcu.Pin0=PC13
Mcu.Pin1=PC14-OSC32_IN
Mcu.Pin10=PA1
Mcu.Pin11=PA2
Mcu.Pin12=PA3
Mcu.Pin13=PA4
Mcu.Pin14=PA5
Mcu.Pin15=PA6
Mcu.Pin16=PA7
Mcu.Pin17=PC4
Mcu.Pin18=PC5
Mcu.Pin19=PB0
Mcu.Pin2=PC15-OSC32_OUT
Mcu.Pin20=PB1
Mcu.Pin21=PB2
Mcu.Pin22=PB10
Mcu.Pin23=PB12
Mcu.Pin24=PB13
Mcu.Pin25=PB14
Mcu.Pin26=PB15
Mcu.Pin27=PC6
Mcu.Pin28=PC7
Mcu.Pin29=PC9
Mcu.Pin3=PH0-OSC_IN
Mcu.Pin30=PA8
Mcu.Pin31=PA9
Mcu.Pin32=PA10
Mcu.Pin33=PA11
Mcu.Pin34=PA12
Mcu.Pin35=PA13
Mcu.Pin36=PA14
Mcu.Pin37=PA15
Mcu.Pin38=PC10
Mcu.Pin39=PC11
Mcu.Pin4=PH1-OSC_OUT
Mcu.Pin40=PC12
Mcu.Pin41=PD2
Mcu.Pin42=PB3
Mcu.Pin43=PB4
Mcu.Pin44=PB5
Mcu.Pin45=PB6
Mcu.Pin46=PB7
Mcu.Pin47=PB8
Mcu.Pin48=PB9
Mcu.Pin49=VP_SYS_VS_tim1
Mcu.Pin5=PC0
Mcu.Pin50=VP_MEMORYMAP_VS_MEMORYMAP
Mcu.Pin51=VP_Infineon.AIROC-Wi-Fi-Bluetooth-STM32_VS_WirelessJjConnectivity_1.8.0_1.8.0
Mcu.Pin52=VP_STMicroelectronics.X-CUBE-AZRTOS-H7_VS_RTOSJjThreadX_6.4.0_3.5.0
Mcu.Pin53=VP_STMicroelectronics.X-CUBE-AZRTOS-H7_VS_NetworkJjNetXDuo_6.4.0_3.5.0
Mcu.Pin6=PC1
Mcu.Pin7=PC2
Mcu.Pin8=PC3
Mcu.Pin9=PA0
Mcu.PinsNb=54
Mcu.ThirdParty0=Infineon.AIROC-Wi-Fi-Bluetooth-STM32.1.8.0
Mcu.ThirdParty1=STMicroelectronics.X-CUBE-AZRTOS-H7.3.5.0
Mcu.ThirdPartyNb=2
Mcu.UserConstants=
Mcu.UserName=STM32H7A3RGTx
MxCube.Version=6.18.1
MxDb.Version=DB.6.0.181
NVIC.BusFault_IRQn=true\:0\:0\:false\:false\:true\:false\:false\:false\:false
NVIC.DebugMonitor_IRQn=true\:0\:0\:false\:false\:true\:false\:false\:false\:false
NVIC.ForceEnableDMAVector=true
NVIC.HardFault_IRQn=true\:0\:0\:false\:false\:true\:false\:false\:false\:false
NVIC.MemoryManagement_IRQn=true\:0\:0\:false\:false\:true\:false\:false\:false\:false
NVIC.NonMaskableInt_IRQn=true\:0\:0\:false\:false\:true\:false\:false\:false\:false
NVIC.PendSV_IRQn=true\:0\:0\:false\:false\:false\:false\:false\:false\:false
NVIC.PriorityGroup=NVIC_PRIORITYGROUP_4
NVIC.SVCall_IRQn=true\:0\:0\:false\:false\:false\:false\:false\:false\:false
NVIC.SavedPendsvIrqHandlerGenerated=true
NVIC.SavedSvcallIrqHandlerGenerated=true
NVIC.SavedSystickIrqHandlerGenerated=true
NVIC.SysTick_IRQn=true\:0\:0\:false\:false\:false\:false\:false\:true\:false
NVIC.TIM1_UP_IRQn=true\:1\:0\:true\:false\:true\:false\:false\:true\:true
NVIC.TimeBase=TIM1_UP_IRQn
NVIC.TimeBaseIP=TIM1
NVIC.UsageFault_IRQn=true\:0\:0\:false\:false\:true\:false\:false\:false\:false
PA0.Mode=CTS_RTS
PA0.Signal=USART2_CTS
PA1.Mode=CTS_RTS
PA1.Signal=USART2_RTS
PA10.Locked=true
PA10.Mode=Asynchronous
PA10.Signal=USART1_RX
PA11.Mode=CTS_RTS
PA11.Signal=USART1_CTS
PA12.Mode=CTS_RTS
PA12.Signal=USART1_RTS
PA13.Locked=true
PA13.Mode=Serial_Wire
PA13.Signal=DEBUG_JTMS-SWDIO
PA14.Locked=true
PA14.Mode=Serial_Wire
PA14.Signal=DEBUG_JTCK-SWCLK
PA15.GPIOParameters=PinState,GPIO_PuPd,GPIO_Label,GPIO_ModeDefaultOutputPP
PA15.GPIO_Label=LED1
PA15.GPIO_ModeDefaultOutputPP=GPIO_MODE_OUTPUT_OD
PA15.GPIO_PuPd=GPIO_NOPULL
PA15.Locked=true
PA15.PinState=GPIO_PIN_SET
PA15.Signal=GPIO_Output
PA2.Mode=Asynchronous
PA2.Signal=USART2_TX
PA3.Mode=Asynchronous
PA3.Signal=USART2_RX
PA4.Locked=true
PA4.Signal=ADCx_INP18
PA5.Locked=true
PA5.Signal=ADCx_INP19
PA6.Locked=true
PA6.Signal=ADCx_INP3
PA7.GPIOParameters=GPIO_PuPd,GPIO_Label
PA7.GPIO_Label=R1_BUTTON
PA7.GPIO_PuPd=GPIO_PULLDOWN
PA7.Locked=true
PA7.Signal=GPIO_Input
PA8.GPIOParameters=PinState,GPIO_PuPd,GPIO_Label,GPIO_ModeDefaultOutputPP
PA8.GPIO_Label=LED0
PA8.GPIO_ModeDefaultOutputPP=GPIO_MODE_OUTPUT_OD
PA8.GPIO_PuPd=GPIO_NOPULL
PA8.Locked=true
PA8.PinState=GPIO_PIN_SET
PA8.Signal=GPIO_Output
PA9.Mode=Asynchronous
PA9.Signal=USART1_TX
PB0.GPIOParameters=GPIO_PuPd,GPIO_Label
PB0.GPIO_Label=R4_BUTTON
PB0.GPIO_PuPd=GPIO_PULLDOWN
PB0.Locked=true
PB0.Signal=GPIO_Input
PB1.GPIOParameters=GPIO_PuPd,GPIO_Label
PB1.GPIO_Label=RP_STICK
PB1.GPIO_PuPd=GPIO_PULLDOWN
PB1.Locked=true
PB1.Signal=GPIO_Input
PB10.GPIOParameters=GPIO_PuPd,GPIO_Label
PB10.GPIO_Label=R_PUSH_HOME
PB10.GPIO_PuPd=GPIO_PULLDOWN
PB10.Locked=true
PB10.Signal=GPIO_Input
PB12.GPIOParameters=PinState,GPIO_PuPd,GPIO_Label,GPIO_ModeDefaultOutputPP
PB12.GPIO_Label=LEDLiPo
PB12.GPIO_ModeDefaultOutputPP=GPIO_MODE_OUTPUT_OD
PB12.GPIO_PuPd=GPIO_NOPULL
PB12.Locked=true
PB12.PinState=GPIO_PIN_SET
PB12.Signal=GPIO_Output
PB13.Mode=SD_4_bits_Wide_bus
PB13.Signal=SDMMC1_D0
PB14.Locked=true
PB15.GPIOParameters=GPIO_PuPd,GPIO_Label,GPIO_ModeDefaultOutputPP
PB15.GPIO_Label=BT_ON
PB15.GPIO_ModeDefaultOutputPP=GPIO_MODE_OUTPUT_OD
PB15.GPIO_PuPd=GPIO_NOPULL
PB15.Locked=true
PB15.Signal=GPIO_Output
PB2.GPIOParameters=GPIO_PuPd,GPIO_Label
PB2.GPIO_Label=R_PUSH
PB2.GPIO_PuPd=GPIO_PULLDOWN
PB2.Locked=true
PB2.Signal=GPIO_Input
PB3.GPIOParameters=PinState,GPIO_PuPd,GPIO_Label,GPIO_ModeDefaultOutputPP
PB3.GPIO_Label=LEDUSB
PB3.GPIO_ModeDefaultOutputPP=GPIO_MODE_OUTPUT_OD
PB3.GPIO_PuPd=GPIO_NOPULL
PB3.Locked=true
PB3.PinState=GPIO_PIN_SET
PB3.Signal=GPIO_Output
PB4.GPIOParameters=GPIO_PuPd,GPIO_Label
PB4.GPIO_Label=L8_BUTTON
PB4.GPIO_PuPd=GPIO_PULLDOWN
PB4.Locked=true
PB4.Signal=GPIO_Input
PB5.GPIOParameters=GPIO_PuPd,GPIO_Label
PB5.GPIO_Label=L7_BUTTON
PB5.GPIO_PuPd=GPIO_PULLDOWN
PB5.Locked=true
PB5.Signal=GPIO_Input
PB6.GPIOParameters=GPIO_PuPd,GPIO_Label
PB6.GPIO_Label=L6_BUTTON
PB6.GPIO_PuPd=GPIO_PULLDOWN
PB6.Locked=true
PB6.Signal=GPIO_Input
PB7.GPIOParameters=GPIO_PuPd,GPIO_Label
PB7.GPIO_Label=L5_BUTTON
PB7.GPIO_PuPd=GPIO_PULLDOWN
PB7.Locked=true
PB7.Signal=GPIO_Input
PB8.GPIOParameters=GPIO_PuPd,GPIO_Label
PB8.GPIO_Label=L_PUSH_HOME
PB8.GPIO_PuPd=GPIO_PULLDOWN
PB8.Locked=true
PB8.Signal=GPIO_Input
PB9.GPIOParameters=GPIO_PuPd,GPIO_Label
PB9.GPIO_Label=L_PUSH
PB9.GPIO_PuPd=GPIO_PULLDOWN
PB9.Locked=true
PB9.Signal=GPIO_Input
PC0.Locked=true
PC0.Signal=ADCx_INP10
PC1.Locked=true
PC1.Signal=ADCx_INP11
PC10.Mode=SD_4_bits_Wide_bus
PC10.Signal=SDMMC1_D2
PC11.Mode=SD_4_bits_Wide_bus
PC11.Signal=SDMMC1_D3
PC12.Mode=SD_4_bits_Wide_bus
PC12.Signal=SDMMC1_CK
PC13.GPIOParameters=GPIO_PuPd,GPIO_Label
PC13.GPIO_Label=LP_STICK
PC13.GPIO_PuPd=GPIO_PULLDOWN
PC13.Locked=true
PC13.Signal=GPIO_Input
PC14-OSC32_IN.GPIOParameters=PinState,GPIO_PuPd,GPIO_Label,GPIO_ModeDefaultOutputPP
PC14-OSC32_IN.GPIO_Label=LEDWL
PC14-OSC32_IN.GPIO_ModeDefaultOutputPP=GPIO_MODE_OUTPUT_OD
PC14-OSC32_IN.GPIO_PuPd=GPIO_NOPULL
PC14-OSC32_IN.Locked=true
PC14-OSC32_IN.PinState=GPIO_PIN_SET
PC14-OSC32_IN.Signal=GPIO_Output
PC15-OSC32_OUT.GPIOParameters=PinState,GPIO_PuPd,GPIO_Label,GPIO_ModeDefaultOutputPP
PC15-OSC32_OUT.GPIO_Label=LED2
PC15-OSC32_OUT.GPIO_ModeDefaultOutputPP=GPIO_MODE_OUTPUT_OD
PC15-OSC32_OUT.GPIO_PuPd=GPIO_NOPULL
PC15-OSC32_OUT.Locked=true
PC15-OSC32_OUT.PinState=GPIO_PIN_SET
PC15-OSC32_OUT.Signal=GPIO_Output
PC2.GPIOParameters=PinState,GPIO_PuPd,GPIO_Label,GPIO_ModeDefaultOutputPP
PC2.GPIO_Label=LEDWLRX
PC2.GPIO_ModeDefaultOutputPP=GPIO_MODE_OUTPUT_OD
PC2.GPIO_PuPd=GPIO_NOPULL
PC2.Locked=true
PC2.PinState=GPIO_PIN_SET
PC2.Signal=GPIO_Output
PC3.GPIOParameters=PinState,GPIO_PuPd,GPIO_Label,GPIO_ModeDefaultOutputPP
PC3.GPIO_Label=LEDWLTX
PC3.GPIO_ModeDefaultOutputPP=GPIO_MODE_OUTPUT_OD
PC3.GPIO_PuPd=GPIO_NOPULL
PC3.Locked=true
PC3.PinState=GPIO_PIN_SET
PC3.Signal=GPIO_Output
PC4.GPIOParameters=GPIO_PuPd,GPIO_Label
PC4.GPIO_Label=R2_BUTTON
PC4.GPIO_PuPd=GPIO_PULLDOWN
PC4.Locked=true
PC4.Signal=GPIO_Input
PC5.GPIOParameters=GPIO_PuPd,GPIO_Label
PC5.GPIO_Label=R3_BUTTON
PC5.GPIO_PuPd=GPIO_PULLDOWN
PC5.Locked=true
PC5.Signal=GPIO_Input
PC6.GPIOParameters=PinState,GPIO_PuPd,GPIO_Label,GPIO_ModeDefaultOutputPP
PC6.GPIO_Label=WL_ON
PC6.GPIO_ModeDefaultOutputPP=GPIO_MODE_OUTPUT_OD
PC6.GPIO_PuPd=GPIO_NOPULL
PC6.Locked=true
PC6.PinState=GPIO_PIN_RESET
PC6.Signal=GPIO_Output
PC7.Locked=true
PC9.Mode=SD_4_bits_Wide_bus
PC9.Signal=SDMMC1_D1
PCC.Bar.Display=Horizontal Bar
PCC.Checker=false
PCC.Display=Plot\: All Steps
PCC.Line=STM32H7A3/7B3
PCC.MCU=STM32H7A3R(G-I)Tx
PCC.PartNumber=STM32H7A3RGTx
PCC.SequenceTime=1.0 ms
PCC.SequenceTime.Unit=ms
PCC.Series=STM32H7
PCC.Temperature=25
PCC.Vdd=3.0
PD2.Mode=SD_4_bits_Wide_bus
PD2.Signal=SDMMC1_CMD
PH0-OSC_IN.Locked=true
PH0-OSC_IN.Mode=HSE-External-Oscillator
PH0-OSC_IN.Signal=RCC_OSC_IN
PH1-OSC_OUT.Locked=true
PH1-OSC_OUT.Mode=HSE-External-Oscillator
PH1-OSC_OUT.Signal=RCC_OSC_OUT
PinOutPanel.RotationAngle=0
ProjectManager.AskForMigrate=true
ProjectManager.BackupPrevious=false
ProjectManager.CompilerLinker=GCC
ProjectManager.CompilerOptimize=6
ProjectManager.ComputerToolchain=false
ProjectManager.CoupleFile=true
ProjectManager.CustomerFirmwarePackage=
ProjectManager.DefaultFWLocation=true
ProjectManager.DeletePrevious=true
ProjectManager.DeviceId=STM32H7A3RGTx
ProjectManager.FirmwarePackage=STM32Cube FW_H7 V1.13.0
ProjectManager.FreePins=false
ProjectManager.FreePinsContext=
ProjectManager.HalAssertFull=false
ProjectManager.HeapSize=0x200
ProjectManager.KeepUserCode=true
ProjectManager.LastFirmware=true
ProjectManager.LibraryCopy=1
ProjectManager.MainLocation=Core/Src
ProjectManager.NoMain=false
ProjectManager.PreviousToolchain=
ProjectManager.ProjectBuild=false
ProjectManager.ProjectFileName=robo-con-Wi-Fi-v2.ioc
ProjectManager.ProjectName=robo-con-Wi-Fi-v2
ProjectManager.ProjectStructure=
ProjectManager.RegisterCallBack=
ProjectManager.StackSize=0x400
ProjectManager.TargetToolchain=CMake
ProjectManager.ToolChainLocation=
ProjectManager.UAScriptAfterPath=
ProjectManager.UAScriptBeforePath=
ProjectManager.UnderRoot=false
ProjectManager.functionlistsort=1-SystemClock_Config-RCC-false-HAL-false,2-MX_GPIO_Init-GPIO-false-HAL-true,3-MX_SDMMC1_SD_Init-SDMMC1-false-HAL-true,4-MX_USART1_UART_Init-USART1-false-HAL-true,5-MX_USART2_UART_Init-USART2-false-HAL-true,6-MX_ADC1_Init-ADC1-false-HAL-true,7-MX_ADC2_Init-ADC2-false-HAL-true,0-MX_CORTEX_M7_Init-CORTEX_M7-false-HAL-true
RCC.ADCCLockSelection=RCC_ADCCLKSOURCE_PLL3
RCC.ADCFreq_Value=28000000
RCC.AHB12Freq_Value=280000000
RCC.AHB4Freq_Value=280000000
RCC.APB1Freq_Value=140000000
RCC.APB2Freq_Value=140000000
RCC.APB3Freq_Value=140000000
RCC.APB4Freq_Value=140000000
RCC.AXIClockFreq_Value=280000000
RCC.CDCPREFreq_Value=280000000
RCC.CDPPRE=RCC_APB3_DIV2
RCC.CDPPRE1=RCC_APB1_DIV2
RCC.CDPPRE2=RCC_APB2_DIV2
RCC.CECFreq_Value=32000
RCC.CKPERFreq_Value=64000000
RCC.CortexFreq_Value=280000000
RCC.CpuClockFreq_Value=280000000
RCC.DAC1Freq_Value=32000
RCC.DAC2Freq_Value=32000
RCC.DFSDM2ACLkFreq_Value=140000000
RCC.DFSDM2Freq_Value=140000000
RCC.DFSDMACLkFreq_Value=280000000
RCC.DFSDMFreq_Value=140000000
RCC.DIVM1=5
RCC.DIVM2=5
RCC.DIVM3=5
RCC.DIVN1=112
RCC.DIVN2=112
RCC.DIVN3=112
RCC.DIVP1Freq_Value=280000000
RCC.DIVP2Freq_Value=280000000
RCC.DIVP3Freq_Value=280000000
RCC.DIVQ1Freq_Value=280000000
RCC.DIVQ2=70
RCC.DIVQ2Freq_Value=8000000
RCC.DIVQ3Freq_Value=280000000
RCC.DIVR1Freq_Value=280000000
RCC.DIVR2=56
RCC.DIVR2Freq_Value=10000000
RCC.DIVR3=20
RCC.DIVR3Freq_Value=28000000
RCC.FDCANFreq_Value=280000000
RCC.FMCFreq_Value=280000000
RCC.FamilyName=M
RCC.HCLK3ClockFreq_Value=280000000
RCC.HCLKFreq_Value=280000000
RCC.HSE_VALUE=25000000
RCC.I2C123Freq_Value=140000000
RCC.I2C4Freq_Value=140000000
RCC.IPParameters=ADCCLockSelection,ADCFreq_Value,AHB12Freq_Value,AHB4Freq_Value,APB1Freq_Value,APB2Freq_Value,APB3Freq_Value,APB4Freq_Value,AXIClockFreq_Value,CDCPREFreq_Value,CDPPRE,CDPPRE1,CDPPRE2,CECFreq_Value,CKPERFreq_Value,CortexFreq_Value,CpuClockFreq_Value,DAC1Freq_Value,DAC2Freq_Value,DFSDM2ACLkFreq_Value,DFSDM2Freq_Value,DFSDMACLkFreq_Value,DFSDMFreq_Value,DIVM1,DIVM2,DIVM3,DIVN1,DIVN2,DIVN3,DIVP1Freq_Value,DIVP2Freq_Value,DIVP3Freq_Value,DIVQ1Freq_Value,DIVQ2,DIVQ2Freq_Value,DIVQ3Freq_Value,DIVR1Freq_Value,DIVR2,DIVR2Freq_Value,DIVR3,DIVR3Freq_Value,FDCANFreq_Value,FMCFreq_Value,FamilyName,HCLK3ClockFreq_Value,HCLKFreq_Value,HSE_VALUE,I2C123Freq_Value,I2C4Freq_Value,LPTIM1Freq_Value,LPTIM2Freq_Value,LPTIM345Freq_Value,LPUART1Freq_Value,LTDCFreq_Value,MCO1PinFreq_Value,MCO2PinFreq_Value,PLLSourceVirtual,QSPIFreq_Value,RNGFreq_Value,RTCFreq_Value,SAI1Freq_Value,SAI2AFreq_Value,SAI2BFreq_Value,SDMMC1CLockSelection,SDMMCFreq_Value,SPDIFRXFreq_Value,SPI123Freq_Value,SPI45Freq_Value,SPI6Freq_Value,SRDPPRE,SWPMI1Freq_Value,SYSCLKFreq_VALUE,SYSCLKSource,Tim1OutputFreq_Value,Tim2OutputFreq_Value,TraceFreq_Value,USART16CLockSelection,USART16Freq_Value,USART234578CLockSelection,USART234578Freq_Value,USBFreq_Value,VCO1OutputFreq_Value,VCO2OutputFreq_Value,VCO3OutputFreq_Value,VCOInput1Freq_Value,VCOInput2Freq_Value,VCOInput3Freq_Value
RCC.LPTIM1Freq_Value=140000000
RCC.LPTIM2Freq_Value=140000000
RCC.LPTIM345Freq_Value=140000000
RCC.LPUART1Freq_Value=140000000
RCC.LTDCFreq_Value=28000000
RCC.MCO1PinFreq_Value=64000000
RCC.MCO2PinFreq_Value=280000000
RCC.PLLSourceVirtual=RCC_PLLSOURCE_HSE
RCC.QSPIFreq_Value=280000000
RCC.RNGFreq_Value=48000000
RCC.RTCFreq_Value=32000
RCC.SAI1Freq_Value=280000000
RCC.SAI2AFreq_Value=280000000
RCC.SAI2BFreq_Value=280000000
RCC.SDMMC1CLockSelection=RCC_SDMMCCLKSOURCE_PLL2
RCC.SDMMCFreq_Value=10000000
RCC.SPDIFRXFreq_Value=280000000
RCC.SPI123Freq_Value=280000000
RCC.SPI45Freq_Value=140000000
RCC.SPI6Freq_Value=140000000
RCC.SRDPPRE=RCC_APB4_DIV2
RCC.SWPMI1Freq_Value=140000000
RCC.SYSCLKFreq_VALUE=280000000
RCC.SYSCLKSource=RCC_SYSCLKSOURCE_PLLCLK
RCC.Tim1OutputFreq_Value=280000000
RCC.Tim2OutputFreq_Value=280000000
RCC.TraceFreq_Value=280000000
RCC.USART16CLockSelection=RCC_USART16910CLKSOURCE_PLL2
RCC.USART16Freq_Value=8000000
RCC.USART234578CLockSelection=RCC_USART234578CLKSOURCE_PLL2
RCC.USART234578Freq_Value=8000000
RCC.USBFreq_Value=280000000
RCC.VCO1OutputFreq_Value=560000000
RCC.VCO2OutputFreq_Value=560000000
RCC.VCO3OutputFreq_Value=560000000
RCC.VCOInput1Freq_Value=5000000
RCC.VCOInput2Freq_Value=5000000
RCC.VCOInput3Freq_Value=5000000
SH.ADCx_INP10.0=ADC2_INP10,IN10-Single-Ended
SH.ADCx_INP10.ConfNb=1
SH.ADCx_INP11.0=ADC2_INP11,IN11-Single-Ended
SH.ADCx_INP11.ConfNb=1
SH.ADCx_INP18.0=ADC1_INP18,IN18-Single-Ended
SH.ADCx_INP18.ConfNb=1
SH.ADCx_INP19.0=ADC1_INP19,IN19-Single-Ended
SH.ADCx_INP19.ConfNb=1
SH.ADCx_INP3.0=ADC1_INP3,IN3-Single-Ended
SH.ADCx_INP3.ConfNb=1
STMicroelectronics.X-CUBE-AZRTOS-H7.3.5.0.IPParameters=ThreadXCcRTOSJjThreadXJjCore,NetXDuoCcNetworkJjNetXDuoJjAddonsOoDHCPOoClient,NetXDuoCcNetworkJjNetXDuoJjNXOoCore
STMicroelectronics.X-CUBE-AZRTOS-H7.3.5.0.NetXDuoCcNetworkJjNetXDuoJjAddonsOoDHCPOoClient=true
STMicroelectronics.X-CUBE-AZRTOS-H7.3.5.0.NetXDuoCcNetworkJjNetXDuoJjNXOoCore=true
STMicroelectronics.X-CUBE-AZRTOS-H7.3.5.0.NetworkJjNetXDuo_Checked=true
STMicroelectronics.X-CUBE-AZRTOS-H7.3.5.0.RTOSJjThreadX_Checked=true
STMicroelectronics.X-CUBE-AZRTOS-H7.3.5.0.ThreadXCcRTOSJjThreadXJjCore=true
STMicroelectronics.X-CUBE-AZRTOS-H7.3.5.0_IsAnAzureRtosMw=true
STMicroelectronics.X-CUBE-AZRTOS-H7.3.5.0_SwParameter=NetXDuoCcNetworkJjNetXDuoJjAddonsOoDHCPOoClient\:true;NetXDuoCcNetworkJjNetXDuoJjNXOoCore\:true;ThreadXCcRTOSJjThreadXJjCore\:true;
USART1.IPParameters=VirtualMode-Asynchronous
USART1.VirtualMode-Asynchronous=VM_ASYNC
USART2.IPParameters=VirtualMode-Asynchronous
USART2.VirtualMode-Asynchronous=VM_ASYNC
VP_Infineon.AIROC-Wi-Fi-Bluetooth-STM32_VS_WirelessJjConnectivity_1.8.0_1.8.0.Mode=WirelessJjConnectivity
VP_Infineon.AIROC-Wi-Fi-Bluetooth-STM32_VS_WirelessJjConnectivity_1.8.0_1.8.0.Signal=Infineon.AIROC-Wi-Fi-Bluetooth-STM32_VS_WirelessJjConnectivity_1.8.0_1.8.0
VP_MEMORYMAP_VS_MEMORYMAP.Mode=CurAppReg
VP_MEMORYMAP_VS_MEMORYMAP.Signal=MEMORYMAP_VS_MEMORYMAP
VP_STMicroelectronics.X-CUBE-AZRTOS-H7_VS_NetworkJjNetXDuo_6.4.0_3.5.0.Mode=NetworkJjNetXDuo
VP_STMicroelectronics.X-CUBE-AZRTOS-H7_VS_NetworkJjNetXDuo_6.4.0_3.5.0.Signal=STMicroelectronics.X-CUBE-AZRTOS-H7_VS_NetworkJjNetXDuo_6.4.0_3.5.0
VP_STMicroelectronics.X-CUBE-AZRTOS-H7_VS_RTOSJjThreadX_6.4.0_3.5.0.Mode=RTOSJjThreadX
VP_STMicroelectronics.X-CUBE-AZRTOS-H7_VS_RTOSJjThreadX_6.4.0_3.5.0.Signal=STMicroelectronics.X-CUBE-AZRTOS-H7_VS_RTOSJjThreadX_6.4.0_3.5.0
VP_SYS_VS_tim1.Mode=TIM1
VP_SYS_VS_tim1.Signal=SYS_VS_tim1
board=custom
